
Microsoft Visual Studio Solution File, Format Version 12.00
# Visual Studio Version 17
VisualStudioVersion = 17.3.32922.545
MinimumVisualStudioVersion = 10.0.40219.1
Project("{FAE04EC0-301F-11D3-BF4B-00C04F79EFBC}") = "ADM.CableTrayAnnotationHelper", "ADM.CableTrayAnnotationHelper\ADM.CableTrayAnnotationHelper.csproj", "{8221F443-A937-49D9-AFFB-B2EDC7180989}"
EndProject
Global
	GlobalSection(SolutionConfigurationPlatforms) = preSolution
		Debug|Any CPU = Debug|Any CPU
		Release|Any CPU = Release|Any CPU
	EndGlobalSection
	GlobalSection(ProjectConfigurationPlatforms) = postSolution
		{8221F443-A937-49D9-AFFB-B2EDC7180989}.Debug|Any CPU.ActiveCfg = Debug|Any CPU
		{8221F443-A937-49D9-AFFB-B2EDC7180989}.Debug|Any CPU.Build.0 = Debug|Any CPU
		{8221F443-A937-49D9-AFFB-B2EDC7180989}.Release|Any CPU.ActiveCfg = Release|Any CPU
		{8221F443-A937-49D9-AFFB-B2EDC7180989}.Release|Any CPU.Build.0 = Release|Any CPU
	EndGlobalSection
	GlobalSection(SolutionProperties) = preSolution
		HideSolutionNode = FALSE
	EndGlobalSection
	GlobalSection(ExtensibilityGlobals) = postSolution
		SolutionGuid = {9F6CF7D1-0E1E-4EBE-8379-5719094C992F}
	EndGlobalSection
EndGlobal
